
Microsoft Visual Studio Solution File, Format Version 12.00
# Visual Studio Version 16
VisualStudioVersion = 16.0.29215.179
MinimumVisualStudioVersion = 10.0.40219.1
Project("{FAE04EC0-301F-11D3-BF4B-00C04F79EFBC}") = "AimTrainer", "AimTrainer\AimTrainer.csproj", "{F4253A91-0607-4D6D-90B9-B864CF562931}"
EndProject
Global
	GlobalSection(SolutionConfigurationPlatforms) = preSolution
		Debug|Any CPU = Debug|Any CPU
		Release|Any CPU = Release|Any CPU
	EndGlobalSection
	GlobalSection(ProjectConfigurationPlatforms) = postSolution
		{F4253A91-0607-4D6D-90B9-B864CF562931}.Debug|Any CPU.ActiveCfg = Debug|Any CPU
		{F4253A91-0607-4D6D-90B9-B864CF562931}.Debug|Any CPU.Build.0 = Debug|Any CPU
		{F4253A91-0607-4D6D-90B9-B864CF562931}.Release|Any CPU.ActiveCfg = Release|Any CPU
		{F4253A91-0607-4D6D-90B9-B864CF562931}.Release|Any CPU.Build.0 = Release|Any CPU
	EndGlobalSection
	GlobalSection(SolutionProperties) = preSolution
		HideSolutionNode = FALSE
	EndGlobalSection
	GlobalSection(ExtensibilityGlobals) = postSolution
		SolutionGuid = {A7FF45B2-11C1-4F4C-9293-A05BE343B2D9}
	EndGlobalSection
EndGlobal
